
Microsoft Visual Studio Solution File, Format Version 12.00
# Visual Studio Version 16
VisualStudioVersion = 16.0.30503.244
MinimumVisualStudioVersion = 10.0.40219.1
Project("{FAE04EC0-301F-11D3-BF4B-00C04F79EFBC}") = "Soda Machine", "Soda Machine.csproj", "{6AE844ED-E212-48A3-AB8A-B12D9A13E5FC}"
EndProject
Global
	GlobalSection(SolutionConfigurationPlatforms) = preSolution
		Debug|Any CPU = Debug|Any CPU
		Release|Any CPU = Release|Any CPU
	EndGlobalSection
	GlobalSection(ProjectConfigurationPlatforms) = postSolution
		{6AE844ED-E212-48A3-AB8A-B12D9A13E5FC}.Debug|Any CPU.ActiveCfg = Debug|Any CPU
		{6AE844ED-E212-48A3-AB8A-B12D9A13E5FC}.Debug|Any CPU.Build.0 = Debug|Any CPU
		{6AE844ED-E212-48A3-AB8A-B12D9A13E5FC}.Release|Any CPU.ActiveCfg = Release|Any CPU
		{6AE844ED-E212-48A3-AB8A-B12D9A13E5FC}.Release|Any CPU.Build.0 = Release|Any CPU
	EndGlobalSection
	GlobalSection(SolutionProperties) = preSolution
		HideSolutionNode = FALSE
	EndGlobalSection
	GlobalSection(ExtensibilityGlobals) = postSolution
		SolutionGuid = {D59F78E2-605F-45DB-908E-F90E711F0D65}
	EndGlobalSection
EndGlobal
